
Microsoft Visual Studio Solution File, Format Version 12.00
# Visual Studio Version 17
VisualStudioVersion = 17.8.34511.84
MinimumVisualStudioVersion = 10.0.40219.1
Project("{FAE04EC0-301F-11D3-BF4B-00C04F79EFBC}") = "capadatos", "capadatos\capadatos.csproj", "{A8783992-4D83-4532-A282-6FCDEC2E06E0}"
EndProject
Project("{FAE04EC0-301F-11D3-BF4B-00C04F79EFBC}") = "capanegocios", "capanegocios\capanegocios.csproj", "{2075F2FE-1B69-4B42-98B6-DED17BAA7557}"
EndProject
Project("{FAE04EC0-301F-11D3-BF4B-00C04F79EFBC}") = "capapresentacion", "capapresentacion\capapresentacion.csproj", "{66B4DD7D-5F4C-431A-BE2C-EF7E5E9BF758}"
EndProject
Global
	GlobalSection(SolutionConfigurationPlatforms) = preSolution
		Debug|Any CPU = Debug|Any CPU
		Release|Any CPU = Release|Any CPU
	EndGlobalSection
	GlobalSection(ProjectConfigurationPlatforms) = postSolution
		{A8783992-4D83-4532-A282-6FCDEC2E06E0}.Debug|Any CPU.ActiveCfg = Debug|Any CPU
		{A8783992-4D83-4532-A282-6FCDEC2E06E0}.Debug|Any CPU.Build.0 = Debug|Any CPU
		{A8783992-4D83-4532-A282-6FCDEC2E06E0}.Release|Any CPU.ActiveCfg = Release|Any CPU
		{A8783992-4D83-4532-A282-6FCDEC2E06E0}.Release|Any CPU.Build.0 = Release|Any CPU
		{2075F2FE-1B69-4B42-98B6-DED17BAA7557}.Debug|Any CPU.ActiveCfg = Debug|Any CPU
		{2075F2FE-1B69-4B42-98B6-DED17BAA7557}.Debug|Any CPU.Build.0 = Debug|Any CPU
		{2075F2FE-1B69-4B42-98B6-DED17BAA7557}.Release|Any CPU.ActiveCfg = Release|Any CPU
		{2075F2FE-1B69-4B42-98B6-DED17BAA7557}.Release|Any CPU.Build.0 = Release|Any CPU
		{66B4DD7D-5F4C-431A-BE2C-EF7E5E9BF758}.Debug|Any CPU.ActiveCfg = Debug|Any CPU
		{66B4DD7D-5F4C-431A-BE2C-EF7E5E9BF758}.Debug|Any CPU.Build.0 = Debug|Any CPU
		{66B4DD7D-5F4C-431A-BE2C-EF7E5E9BF758}.Release|Any CPU.ActiveCfg = Release|Any CPU
		{66B4DD7D-5F4C-431A-BE2C-EF7E5E9BF758}.Release|Any CPU.Build.0 = Release|Any CPU
	EndGlobalSection
	GlobalSection(SolutionProperties) = preSolution
		HideSolutionNode = FALSE
	EndGlobalSection
	GlobalSection(ExtensibilityGlobals) = postSolution
		SolutionGuid = {5C103266-47A8-46E9-85BF-244F17496839}
	EndGlobalSection
EndGlobal
